
Microsoft Visual Studio Solution File, Format Version 12.00
# Visual Studio 15
VisualStudioVersion = 15.0.28010.2036
MinimumVisualStudioVersion = 10.0.40219.1
Project("{FAE04EC0-301F-11D3-BF4B-00C04F79EFBC}") = "Iffinator", "Iffinator\Iffinator.csproj", "{3D534BF0-C3E2-40C9-B247-3960EB4F21CE}"
EndProject
Global
	GlobalSection(SolutionConfigurationPlatforms) = preSolution
		Debug|Any CPU = Debug|Any CPU
		Release|Any CPU = Release|Any CPU
	EndGlobalSection
	GlobalSection(ProjectConfigurationPlatforms) = postSolution
		{3D534BF0-C3E2-40C9-B247-3960EB4F21CE}.Debug|Any CPU.ActiveCfg = Debug|Any CPU
		{3D534BF0-C3E2-40C9-B247-3960EB4F21CE}.Debug|Any CPU.Build.0 = Debug|Any CPU
		{3D534BF0-C3E2-40C9-B247-3960EB4F21CE}.Release|Any CPU.ActiveCfg = Release|Any CPU
		{3D534BF0-C3E2-40C9-B247-3960EB4F21CE}.Release|Any CPU.Build.0 = Release|Any CPU
	EndGlobalSection
	GlobalSection(SolutionProperties) = preSolution
		HideSolutionNode = FALSE
	EndGlobalSection
	GlobalSection(ExtensibilityGlobals) = postSolution
		SolutionGuid = {9869DA9F-47B3-43A7-9DC1-E4F988F0392F}
	EndGlobalSection
EndGlobal
