
Microsoft Visual Studio Solution File, Format Version 12.00
# Visual Studio 15
VisualStudioVersion = 15.0.28010.2036
MinimumVisualStudioVersion = 10.0.40219.1
Project("{FAE04EC0-301F-11D3-BF4B-00C04F79EFBC}") = "Gonzo", "Gonzo\Gonzo.csproj", "{0DB1F9A2-7C59-443F-AC56-4D395BD9D0F1}"
EndProject
Project("{FAE04EC0-301F-11D3-BF4B-00C04F79EFBC}") = "UIParser", "..\..\Other\libs\UIParser\UIParser\UIParser.csproj", "{C58D344E-CB5C-4A61-851B-3CDC9E3F6913}"
EndProject
Project("{FAE04EC0-301F-11D3-BF4B-00C04F79EFBC}") = "Files", "..\Files\Files\Files.csproj", "{D455ECBE-A8DD-4261-A364-4A74DC5512A4}"
EndProject
Project("{FAE04EC0-301F-11D3-BF4B-00C04F79EFBC}") = "Vitaboy", "..\Vitaboy\Vitaboy\Vitaboy.csproj", "{21AF42A0-012A-4265-B7DF-1CF7588437F3}"
EndProject
Project("{FAE04EC0-301F-11D3-BF4B-00C04F79EFBC}") = "Shared", "..\Shared\Shared.csproj", "{E838507C-3CAC-494E-9C23-D3A1C2BDF6A9}"
EndProject
Project("{FAE04EC0-301F-11D3-BF4B-00C04F79EFBC}") = "Sound", "..\Sound\Sound.csproj", "{B3A3BEE4-EC13-48E0-B1D8-E5EEBD27A2C9}"
EndProject
Project("{FAE04EC0-301F-11D3-BF4B-00C04F79EFBC}") = "Glide", "..\..\Other\libs\Glide\Glide.csproj", "{891F06E8-3851-469C-B1E2-7D1C70C43359}"
EndProject
Project("{FAE04EC0-301F-11D3-BF4B-00C04F79EFBC}") = "SimAntics", "..\SimAntics\SimAntics.csproj", "{4DBCF6A1-EAF0-4AEE-9FAE-CE70ABDB7AFF}"
EndProject
Project("{FAE04EC0-301F-11D3-BF4B-00C04F79EFBC}") = "MP3Sharp", "..\..\Other\libs\MP3Sharp-master\MP3Sharp\MP3Sharp.csproj", "{BF3B29F8-DA04-4973-93DB-144A5BBE2472}"
EndProject
Project("{FAE04EC0-301F-11D3-BF4B-00C04F79EFBC}") = "GonzoTest", "GonzoTest\GonzoTest.csproj", "{F1F23619-50C8-45DA-9EBE-145A5A723415}"
EndProject
Project("{FAE04EC0-301F-11D3-BF4B-00C04F79EFBC}") = "Files.Tests", "..\Tests\Files.Tests\Files.Tests.csproj", "{70C7173B-68C8-414B-88D8-266030EAC926}"
EndProject
Global
	GlobalSection(SolutionConfigurationPlatforms) = preSolution
		Debug|Any CPU = Debug|Any CPU
		Debug|ARM = Debug|ARM
		Debug|x64 = Debug|x64
		Debug|x86 = Debug|x86
		Release|Any CPU = Release|Any CPU
		Release|ARM = Release|ARM
		Release|x64 = Release|x64
		Release|x86 = Release|x86
	EndGlobalSection
	GlobalSection(ProjectConfigurationPlatforms) = postSolution
		{0DB1F9A2-7C59-443F-AC56-4D395BD9D0F1}.Debug|Any CPU.ActiveCfg = Debug|Any CPU
		{0DB1F9A2-7C59-443F-AC56-4D395BD9D0F1}.Debug|Any CPU.Build.0 = Debug|Any CPU
		{0DB1F9A2-7C59-443F-AC56-4D395BD9D0F1}.Debug|ARM.ActiveCfg = Debug|Any CPU
		{0DB1F9A2-7C59-443F-AC56-4D395BD9D0F1}.Debug|ARM.Build.0 = Debug|Any CPU
		{0DB1F9A2-7C59-443F-AC56-4D395BD9D0F1}.Debug|x64.ActiveCfg = Debug|Any CPU
		{0DB1F9A2-7C59-443F-AC56-4D395BD9D0F1}.Debug|x64.Build.0 = Debug|Any CPU
		{0DB1F9A2-7C59-443F-AC56-4D395BD9D0F1}.Debug|x86.ActiveCfg = Debug|Any CPU
		{0DB1F9A2-7C59-443F-AC56-4D395BD9D0F1}.Debug|x86.Build.0 = Debug|Any CPU
		{0DB1F9A2-7C59-443F-AC56-4D395BD9D0F1}.Release|Any CPU.ActiveCfg = Release|Any CPU
		{0DB1F9A2-7C59-443F-AC56-4D395BD9D0F1}.Release|Any CPU.Build.0 = Release|Any CPU
		{0DB1F9A2-7C59-443F-AC56-4D395BD9D0F1}.Release|ARM.ActiveCfg = Release|Any CPU
		{0DB1F9A2-7C59-443F-AC56-4D395BD9D0F1}.Release|ARM.Build.0 = Release|Any CPU
		{0DB1F9A2-7C59-443F-AC56-4D395BD9D0F1}.Release|x64.ActiveCfg = Release|Any CPU
		{0DB1F9A2-7C59-443F-AC56-4D395BD9D0F1}.Release|x64.Build.0 = Release|Any CPU
		{0DB1F9A2-7C59-443F-AC56-4D395BD9D0F1}.Release|x86.ActiveCfg = Release|Any CPU
		{0DB1F9A2-7C59-443F-AC56-4D395BD9D0F1}.Release|x86.Build.0 = Release|Any CPU
		{C58D344E-CB5C-4A61-851B-3CDC9E3F6913}.Debug|Any CPU.ActiveCfg = Debug|Any CPU
		{C58D344E-CB5C-4A61-851B-3CDC9E3F6913}.Debug|Any CPU.Build.0 = Debug|Any CPU
		{C58D344E-CB5C-4A61-851B-3CDC9E3F6913}.Debug|ARM.ActiveCfg = Debug|Any CPU
		{C58D344E-CB5C-4A61-851B-3CDC9E3F6913}.Debug|ARM.Build.0 = Debug|Any CPU
		{C58D344E-CB5C-4A61-851B-3CDC9E3F6913}.Debug|x64.ActiveCfg = Debug|Any CPU
		{C58D344E-CB5C-4A61-851B-3CDC9E3F6913}.Debug|x64.Build.0 = Debug|Any CPU
		{C58D344E-CB5C-4A61-851B-3CDC9E3F6913}.Debug|x86.ActiveCfg = Debug|Any CPU
		{C58D344E-CB5C-4A61-851B-3CDC9E3F6913}.Debug|x86.Build.0 = Debug|Any CPU
		{C58D344E-CB5C-4A61-851B-3CDC9E3F6913}.Release|Any CPU.ActiveCfg = Release|Any CPU
		{C58D344E-CB5C-4A61-851B-3CDC9E3F6913}.Release|Any CPU.Build.0 = Release|Any CPU
		{C58D344E-CB5C-4A61-851B-3CDC9E3F6913}.Release|ARM.ActiveCfg = Release|Any CPU
		{C58D344E-CB5C-4A61-851B-3CDC9E3F6913}.Release|ARM.Build.0 = Release|Any CPU
		{C58D344E-CB5C-4A61-851B-3CDC9E3F6913}.Release|x64.ActiveCfg = Release|Any CPU
		{C58D344E-CB5C-4A61-851B-3CDC9E3F6913}.Release|x64.Build.0 = Release|Any CPU
		{C58D344E-CB5C-4A61-851B-3CDC9E3F6913}.Release|x86.ActiveCfg = Release|Any CPU
		{C58D344E-CB5C-4A61-851B-3CDC9E3F6913}.Release|x86.Build.0 = Release|Any CPU
		{D455ECBE-A8DD-4261-A364-4A74DC5512A4}.Debug|Any CPU.ActiveCfg = Debug|Any CPU
		{D455ECBE-A8DD-4261-A364-4A74DC5512A4}.Debug|Any CPU.Build.0 = Debug|Any CPU
		{D455ECBE-A8DD-4261-A364-4A74DC5512A4}.Debug|ARM.ActiveCfg = Debug|Any CPU
		{D455ECBE-A8DD-4261-A364-4A74DC5512A4}.Debug|ARM.Build.0 = Debug|Any CPU
		{D455ECBE-A8DD-4261-A364-4A74DC5512A4}.Debug|x64.ActiveCfg = Debug|Any CPU
		{D455ECBE-A8DD-4261-A364-4A74DC5512A4}.Debug|x64.Build.0 = Debug|Any CPU
		{D455ECBE-A8DD-4261-A364-4A74DC5512A4}.Debug|x86.ActiveCfg = Debug|Any CPU
		{D455ECBE-A8DD-4261-A364-4A74DC5512A4}.Debug|x86.Build.0 = Debug|Any CPU
		{D455ECBE-A8DD-4261-A364-4A74DC5512A4}.Release|Any CPU.ActiveCfg = Release|Any CPU
		{D455ECBE-A8DD-4261-A364-4A74DC5512A4}.Release|Any CPU.Build.0 = Release|Any CPU
		{D455ECBE-A8DD-4261-A364-4A74DC5512A4}.Release|ARM.ActiveCfg = Release|Any CPU
		{D455ECBE-A8DD-4261-A364-4A74DC5512A4}.Release|ARM.Build.0 = Release|Any CPU
		{D455ECBE-A8DD-4261-A364-4A74DC5512A4}.Release|x64.ActiveCfg = Release|Any CPU
		{D455ECBE-A8DD-4261-A364-4A74DC5512A4}.Release|x64.Build.0 = Release|Any CPU
		{D455ECBE-A8DD-4261-A364-4A74DC5512A4}.Release|x86.ActiveCfg = Release|Any CPU
		{D455ECBE-A8DD-4261-A364-4A74DC5512A4}.Release|x86.Build.0 = Release|Any CPU
		{21AF42A0-012A-4265-B7DF-1CF7588437F3}.Debug|Any CPU.ActiveCfg = Debug|Any CPU
		{21AF42A0-012A-4265-B7DF-1CF7588437F3}.Debug|Any CPU.Build.0 = Debug|Any CPU
		{21AF42A0-012A-4265-B7DF-1CF7588437F3}.Debug|ARM.ActiveCfg = Debug|Any CPU
		{21AF42A0-012A-4265-B7DF-1CF7588437F3}.Debug|ARM.Build.0 = Debug|Any CPU
		{21AF42A0-012A-4265-B7DF-1CF7588437F3}.Debug|x64.ActiveCfg = Debug|Any CPU
		{21AF42A0-012A-4265-B7DF-1CF7588437F3}.Debug|x64.Build.0 = Debug|Any CPU
		{21AF42A0-012A-4265-B7DF-1CF7588437F3}.Debug|x86.ActiveCfg = Debug|Any CPU
		{21AF42A0-012A-4265-B7DF-1CF7588437F3}.Debug|x86.Build.0 = Debug|Any CPU
		{21AF42A0-012A-4265-B7DF-1CF7588437F3}.Release|Any CPU.ActiveCfg = Release|Any CPU
		{21AF42A0-012A-4265-B7DF-1CF7588437F3}.Release|Any CPU.Build.0 = Release|Any CPU
		{21AF42A0-012A-4265-B7DF-1CF7588437F3}.Release|ARM.ActiveCfg = Release|Any CPU
		{21AF42A0-012A-4265-B7DF-1CF7588437F3}.Release|ARM.Build.0 = Release|Any CPU
		{21AF42A0-012A-4265-B7DF-1CF7588437F3}.Release|x64.ActiveCfg = Release|Any CPU
		{21AF42A0-012A-4265-B7DF-1CF7588437F3}.Release|x64.Build.0 = Release|Any CPU
		{21AF42A0-012A-4265-B7DF-1CF7588437F3}.Release|x86.ActiveCfg = Release|Any CPU
		{21AF42A0-012A-4265-B7DF-1CF7588437F3}.Release|x86.Build.0 = Release|Any CPU
		{E838507C-3CAC-494E-9C23-D3A1C2BDF6A9}.Debug|Any CPU.ActiveCfg = Debug|Any CPU
		{E838507C-3CAC-494E-9C23-D3A1C2BDF6A9}.Debug|Any CPU.Build.0 = Debug|Any CPU
		{E838507C-3CAC-494E-9C23-D3A1C2BDF6A9}.Debug|ARM.ActiveCfg = Debug|Any CPU
		{E838507C-3CAC-494E-9C23-D3A1C2BDF6A9}.Debug|ARM.Build.0 = Debug|Any CPU
		{E838507C-3CAC-494E-9C23-D3A1C2BDF6A9}.Debug|x64.ActiveCfg = Debug|Any CPU
		{E838507C-3CAC-494E-9C23-D3A1C2BDF6A9}.Debug|x64.Build.0 = Debug|Any CPU
		{E838507C-3CAC-494E-9C23-D3A1C2BDF6A9}.Debug|x86.ActiveCfg = Debug|Any CPU
		{E838507C-3CAC-494E-9C23-D3A1C2BDF6A9}.Debug|x86.Build.0 = Debug|Any CPU
		{E838507C-3CAC-494E-9C23-D3A1C2BDF6A9}.Release|Any CPU.ActiveCfg = Release|Any CPU
		{E838507C-3CAC-494E-9C23-D3A1C2BDF6A9}.Release|Any CPU.Build.0 = Release|Any CPU
		{E838507C-3CAC-494E-9C23-D3A1C2BDF6A9}.Release|ARM.ActiveCfg = Release|Any CPU
		{E838507C-3CAC-494E-9C23-D3A1C2BDF6A9}.Release|ARM.Build.0 = Release|Any CPU
		{E838507C-3CAC-494E-9C23-D3A1C2BDF6A9}.Release|x64.ActiveCfg = Release|Any CPU
		{E838507C-3CAC-494E-9C23-D3A1C2BDF6A9}.Release|x64.Build.0 = Release|Any CPU
		{E838507C-3CAC-494E-9C23-D3A1C2BDF6A9}.Release|x86.ActiveCfg = Release|Any CPU
		{E838507C-3CAC-494E-9C23-D3A1C2BDF6A9}.Release|x86.Build.0 = Release|Any CPU
		{B3A3BEE4-EC13-48E0-B1D8-E5EEBD27A2C9}.Debug|Any CPU.ActiveCfg = Debug|Any CPU
		{B3A3BEE4-EC13-48E0-B1D8-E5EEBD27A2C9}.Debug|Any CPU.Build.0 = Debug|Any CPU
		{B3A3BEE4-EC13-48E0-B1D8-E5EEBD27A2C9}.Debug|ARM.ActiveCfg = Debug|Any CPU
		{B3A3BEE4-EC13-48E0-B1D8-E5EEBD27A2C9}.Debug|ARM.Build.0 = Debug|Any CPU
		{B3A3BEE4-EC13-48E0-B1D8-E5EEBD27A2C9}.Debug|x64.ActiveCfg = Debug|Any CPU
		{B3A3BEE4-EC13-48E0-B1D8-E5EEBD27A2C9}.Debug|x64.Build.0 = Debug|Any CPU
		{B3A3BEE4-EC13-48E0-B1D8-E5EEBD27A2C9}.Debug|x86.ActiveCfg = Debug|Any CPU
		{B3A3BEE4-EC13-48E0-B1D8-E5EEBD27A2C9}.Debug|x86.Build.0 = Debug|Any CPU
		{B3A3BEE4-EC13-48E0-B1D8-E5EEBD27A2C9}.Release|Any CPU.ActiveCfg = Release|Any CPU
		{B3A3BEE4-EC13-48E0-B1D8-E5EEBD27A2C9}.Release|Any CPU.Build.0 = Release|Any CPU
		{B3A3BEE4-EC13-48E0-B1D8-E5EEBD27A2C9}.Release|ARM.ActiveCfg = Release|Any CPU
		{B3A3BEE4-EC13-48E0-B1D8-E5EEBD27A2C9}.Release|ARM.Build.0 = Release|Any CPU
		{B3A3BEE4-EC13-48E0-B1D8-E5EEBD27A2C9}.Release|x64.ActiveCfg = Release|Any CPU
		{B3A3BEE4-EC13-48E0-B1D8-E5EEBD27A2C9}.Release|x64.Build.0 = Release|Any CPU
		{B3A3BEE4-EC13-48E0-B1D8-E5EEBD27A2C9}.Release|x86.ActiveCfg = Release|Any CPU
		{B3A3BEE4-EC13-48E0-B1D8-E5EEBD27A2C9}.Release|x86.Build.0 = Release|Any CPU
		{891F06E8-3851-469C-B1E2-7D1C70C43359}.Debug|Any CPU.ActiveCfg = Debug|Any CPU
		{891F06E8-3851-469C-B1E2-7D1C70C43359}.Debug|Any CPU.Build.0 = Debug|Any CPU
		{891F06E8-3851-469C-B1E2-7D1C70C43359}.Debug|ARM.ActiveCfg = Debug|Any CPU
		{891F06E8-3851-469C-B1E2-7D1C70C43359}.Debug|ARM.Build.0 = Debug|Any CPU
		{891F06E8-3851-469C-B1E2-7D1C70C43359}.Debug|x64.ActiveCfg = Debug|Any CPU
		{891F06E8-3851-469C-B1E2-7D1C70C43359}.Debug|x64.Build.0 = Debug|Any CPU
		{891F06E8-3851-469C-B1E2-7D1C70C43359}.Debug|x86.ActiveCfg = Debug|Any CPU
		{891F06E8-3851-469C-B1E2-7D1C70C43359}.Debug|x86.Build.0 = Debug|Any CPU
		{891F06E8-3851-469C-B1E2-7D1C70C43359}.Release|Any CPU.ActiveCfg = Release|Any CPU
		{891F06E8-3851-469C-B1E2-7D1C70C43359}.Release|Any CPU.Build.0 = Release|Any CPU
		{891F06E8-3851-469C-B1E2-7D1C70C43359}.Release|ARM.ActiveCfg = Release|Any CPU
		{891F06E8-3851-469C-B1E2-7D1C70C43359}.Release|ARM.Build.0 = Release|Any CPU
		{891F06E8-3851-469C-B1E2-7D1C70C43359}.Release|x64.ActiveCfg = Release|Any CPU
		{891F06E8-3851-469C-B1E2-7D1C70C43359}.Release|x64.Build.0 = Release|Any CPU
		{891F06E8-3851-469C-B1E2-7D1C70C43359}.Release|x86.ActiveCfg = Release|Any CPU
		{891F06E8-3851-469C-B1E2-7D1C70C43359}.Release|x86.Build.0 = Release|Any CPU
		{4DBCF6A1-EAF0-4AEE-9FAE-CE70ABDB7AFF}.Debug|Any CPU.ActiveCfg = Debug|Any CPU
		{4DBCF6A1-EAF0-4AEE-9FAE-CE70ABDB7AFF}.Debug|Any CPU.Build.0 = Debug|Any CPU
		{4DBCF6A1-EAF0-4AEE-9FAE-CE70ABDB7AFF}.Debug|ARM.ActiveCfg = Debug|Any CPU
		{4DBCF6A1-EAF0-4AEE-9FAE-CE70ABDB7AFF}.Debug|ARM.Build.0 = Debug|Any CPU
		{4DBCF6A1-EAF0-4AEE-9FAE-CE70ABDB7AFF}.Debug|x64.ActiveCfg = Debug|Any CPU
		{4DBCF6A1-EAF0-4AEE-9FAE-CE70ABDB7AFF}.Debug|x64.Build.0 = Debug|Any CPU
		{4DBCF6A1-EAF0-4AEE-9FAE-CE70ABDB7AFF}.Debug|x86.ActiveCfg = Debug|Any CPU
		{4DBCF6A1-EAF0-4AEE-9FAE-CE70ABDB7AFF}.Debug|x86.Build.0 = Debug|Any CPU
		{4DBCF6A1-EAF0-4AEE-9FAE-CE70ABDB7AFF}.Release|Any CPU.ActiveCfg = Release|Any CPU
		{4DBCF6A1-EAF0-4AEE-9FAE-CE70ABDB7AFF}.Release|Any CPU.Build.0 = Release|Any CPU
		{4DBCF6A1-EAF0-4AEE-9FAE-CE70ABDB7AFF}.Release|ARM.ActiveCfg = Release|Any CPU
		{4DBCF6A1-EAF0-4AEE-9FAE-CE70ABDB7AFF}.Release|ARM.Build.0 = Release|Any CPU
		{4DBCF6A1-EAF0-4AEE-9FAE-CE70ABDB7AFF}.Release|x64.ActiveCfg = Release|Any CPU
		{4DBCF6A1-EAF0-4AEE-9FAE-CE70ABDB7AFF}.Release|x64.Build.0 = Release|Any CPU
		{4DBCF6A1-EAF0-4AEE-9FAE-CE70ABDB7AFF}.Release|x86.ActiveCfg = Release|Any CPU
		{4DBCF6A1-EAF0-4AEE-9FAE-CE70ABDB7AFF}.Release|x86.Build.0 = Release|Any CPU
		{BF3B29F8-DA04-4973-93DB-144A5BBE2472}.Debug|Any CPU.ActiveCfg = Debug|Any CPU
		{BF3B29F8-DA04-4973-93DB-144A5BBE2472}.Debug|Any CPU.Build.0 = Debug|Any CPU
		{BF3B29F8-DA04-4973-93DB-144A5BBE2472}.Debug|ARM.ActiveCfg = Debug|Any CPU
		{BF3B29F8-DA04-4973-93DB-144A5BBE2472}.Debug|ARM.Build.0 = Debug|Any CPU
		{BF3B29F8-DA04-4973-93DB-144A5BBE2472}.Debug|x64.ActiveCfg = Debug|Any CPU
		{BF3B29F8-DA04-4973-93DB-144A5BBE2472}.Debug|x64.Build.0 = Debug|Any CPU
		{BF3B29F8-DA04-4973-93DB-144A5BBE2472}.Debug|x86.ActiveCfg = Debug|Any CPU
		{BF3B29F8-DA04-4973-93DB-144A5BBE2472}.Debug|x86.Build.0 = Debug|Any CPU
		{BF3B29F8-DA04-4973-93DB-144A5BBE2472}.Release|Any CPU.ActiveCfg = Release|Any CPU
		{BF3B29F8-DA04-4973-93DB-144A5BBE2472}.Release|Any CPU.Build.0 = Release|Any CPU
		{BF3B29F8-DA04-4973-93DB-144A5BBE2472}.Release|ARM.ActiveCfg = Release|Any CPU
		{BF3B29F8-DA04-4973-93DB-144A5BBE2472}.Release|ARM.Build.0 = Release|Any CPU
		{BF3B29F8-DA04-4973-93DB-144A5BBE2472}.Release|x64.ActiveCfg = Release|Any CPU
		{BF3B29F8-DA04-4973-93DB-144A5BBE2472}.Release|x64.Build.0 = Release|Any CPU
		{BF3B29F8-DA04-4973-93DB-144A5BBE2472}.Release|x86.ActiveCfg = Release|Any CPU
		{BF3B29F8-DA04-4973-93DB-144A5BBE2472}.Release|x86.Build.0 = Release|Any CPU
		{F1F23619-50C8-45DA-9EBE-145A5A723415}.Debug|Any CPU.ActiveCfg = Debug|x86
		{F1F23619-50C8-45DA-9EBE-145A5A723415}.Debug|ARM.ActiveCfg = Debug|x86
		{F1F23619-50C8-45DA-9EBE-145A5A723415}.Debug|x64.ActiveCfg = Debug|x86
		{F1F23619-50C8-45DA-9EBE-145A5A723415}.Debug|x86.ActiveCfg = Debug|x86
		{F1F23619-50C8-45DA-9EBE-145A5A723415}.Debug|x86.Build.0 = Debug|x86
		{F1F23619-50C8-45DA-9EBE-145A5A723415}.Release|Any CPU.ActiveCfg = Release|x86
		{F1F23619-50C8-45DA-9EBE-145A5A723415}.Release|ARM.ActiveCfg = Release|x86
		{F1F23619-50C8-45DA-9EBE-145A5A723415}.Release|x64.ActiveCfg = Release|x86
		{F1F23619-50C8-45DA-9EBE-145A5A723415}.Release|x86.ActiveCfg = Release|x86
		{F1F23619-50C8-45DA-9EBE-145A5A723415}.Release|x86.Build.0 = Release|x86
		{70C7173B-68C8-414B-88D8-266030EAC926}.Debug|Any CPU.ActiveCfg = Debug|Any CPU
		{70C7173B-68C8-414B-88D8-266030EAC926}.Debug|Any CPU.Build.0 = Debug|Any CPU
		{70C7173B-68C8-414B-88D8-266030EAC926}.Debug|ARM.ActiveCfg = Debug|Any CPU
		{70C7173B-68C8-414B-88D8-266030EAC926}.Debug|ARM.Build.0 = Debug|Any CPU
		{70C7173B-68C8-414B-88D8-266030EAC926}.Debug|x64.ActiveCfg = Debug|Any CPU
		{70C7173B-68C8-414B-88D8-266030EAC926}.Debug|x64.Build.0 = Debug|Any CPU
		{70C7173B-68C8-414B-88D8-266030EAC926}.Debug|x86.ActiveCfg = Debug|Any CPU
		{70C7173B-68C8-414B-88D8-266030EAC926}.Debug|x86.Build.0 = Debug|Any CPU
		{70C7173B-68C8-414B-88D8-266030EAC926}.Release|Any CPU.ActiveCfg = Release|Any CPU
		{70C7173B-68C8-414B-88D8-266030EAC926}.Release|Any CPU.Build.0 = Release|Any CPU
		{70C7173B-68C8-414B-88D8-266030EAC926}.Release|ARM.ActiveCfg = Release|Any CPU
		{70C7173B-68C8-414B-88D8-266030EAC926}.Release|ARM.Build.0 = Release|Any CPU
		{70C7173B-68C8-414B-88D8-266030EAC926}.Release|x64.ActiveCfg = Release|Any CPU
		{70C7173B-68C8-414B-88D8-266030EAC926}.Release|x64.Build.0 = Release|Any CPU
		{70C7173B-68C8-414B-88D8-266030EAC926}.Release|x86.ActiveCfg = Release|Any CPU
		{70C7173B-68C8-414B-88D8-266030EAC926}.Release|x86.Build.0 = Release|Any CPU
	EndGlobalSection
	GlobalSection(SolutionProperties) = preSolution
		HideSolutionNode = FALSE
	EndGlobalSection
	GlobalSection(ExtensibilityGlobals) = postSolution
		SolutionGuid = {E851A220-017F-4366-9113-B00A8ED79E52}
	EndGlobalSection
EndGlobal
