
Microsoft Visual Studio Solution File, Format Version 12.00
# Visual Studio 14
VisualStudioVersion = 14.0.25123.0
MinimumVisualStudioVersion = 10.0.40219.1
Project("{FAE04EC0-301F-11D3-BF4B-00C04F79EFBC}") = "Gonzo", "Gonzo\Gonzo.csproj", "{0DB1F9A2-7C59-443F-AC56-4D395BD9D0F1}"
EndProject
Project("{FAE04EC0-301F-11D3-BF4B-00C04F79EFBC}") = "UIParser", "..\..\Other\libs\UIParser\UIParser\UIParser.csproj", "{C58D344E-CB5C-4A61-851B-3CDC9E3F6913}"
EndProject
Project("{FAE04EC0-301F-11D3-BF4B-00C04F79EFBC}") = "GonzoTest", "GonzoTest\GonzoTest.csproj", "{A2FBAC52-F351-4DE6-A36F-F19E41EBE041}"
EndProject
Project("{FAE04EC0-301F-11D3-BF4B-00C04F79EFBC}") = "Files", "..\Files\Files\Files.csproj", "{D455ECBE-A8DD-4261-A364-4A74DC5512A4}"
EndProject
Project("{FAE04EC0-301F-11D3-BF4B-00C04F79EFBC}") = "Vitaboy", "..\Vitaboy\Vitaboy\Vitaboy.csproj", "{21AF42A0-012A-4265-B7DF-1CF7588437F3}"
EndProject
Project("{FAE04EC0-301F-11D3-BF4B-00C04F79EFBC}") = "Shared", "..\Shared\Shared.csproj", "{E838507C-3CAC-494E-9C23-D3A1C2BDF6A9}"
EndProject
Project("{FAE04EC0-301F-11D3-BF4B-00C04F79EFBC}") = "TargaImage", "..\..\Other\libs\TargaImage\TargaImage.csproj", "{56F4BD87-2404-4263-80D5-6FA2161EB0A4}"
EndProject
Global
	GlobalSection(SolutionConfigurationPlatforms) = preSolution
		Debug|Any CPU = Debug|Any CPU
		Debug|x86 = Debug|x86
		Release|Any CPU = Release|Any CPU
		Release|x86 = Release|x86
	EndGlobalSection
	GlobalSection(ProjectConfigurationPlatforms) = postSolution
		{0DB1F9A2-7C59-443F-AC56-4D395BD9D0F1}.Debug|Any CPU.ActiveCfg = Debug|Any CPU
		{0DB1F9A2-7C59-443F-AC56-4D395BD9D0F1}.Debug|Any CPU.Build.0 = Debug|Any CPU
		{0DB1F9A2-7C59-443F-AC56-4D395BD9D0F1}.Debug|x86.ActiveCfg = Debug|Any CPU
		{0DB1F9A2-7C59-443F-AC56-4D395BD9D0F1}.Debug|x86.Build.0 = Debug|Any CPU
		{0DB1F9A2-7C59-443F-AC56-4D395BD9D0F1}.Release|Any CPU.ActiveCfg = Release|Any CPU
		{0DB1F9A2-7C59-443F-AC56-4D395BD9D0F1}.Release|Any CPU.Build.0 = Release|Any CPU
		{0DB1F9A2-7C59-443F-AC56-4D395BD9D0F1}.Release|x86.ActiveCfg = Release|Any CPU
		{0DB1F9A2-7C59-443F-AC56-4D395BD9D0F1}.Release|x86.Build.0 = Release|Any CPU
		{C58D344E-CB5C-4A61-851B-3CDC9E3F6913}.Debug|Any CPU.ActiveCfg = Debug|Any CPU
		{C58D344E-CB5C-4A61-851B-3CDC9E3F6913}.Debug|Any CPU.Build.0 = Debug|Any CPU
		{C58D344E-CB5C-4A61-851B-3CDC9E3F6913}.Debug|x86.ActiveCfg = Debug|Any CPU
		{C58D344E-CB5C-4A61-851B-3CDC9E3F6913}.Debug|x86.Build.0 = Debug|Any CPU
		{C58D344E-CB5C-4A61-851B-3CDC9E3F6913}.Release|Any CPU.ActiveCfg = Release|Any CPU
		{C58D344E-CB5C-4A61-851B-3CDC9E3F6913}.Release|Any CPU.Build.0 = Release|Any CPU
		{C58D344E-CB5C-4A61-851B-3CDC9E3F6913}.Release|x86.ActiveCfg = Release|Any CPU
		{C58D344E-CB5C-4A61-851B-3CDC9E3F6913}.Release|x86.Build.0 = Release|Any CPU
		{A2FBAC52-F351-4DE6-A36F-F19E41EBE041}.Debug|Any CPU.ActiveCfg = Debug|x86
		{A2FBAC52-F351-4DE6-A36F-F19E41EBE041}.Debug|x86.ActiveCfg = Debug|x86
		{A2FBAC52-F351-4DE6-A36F-F19E41EBE041}.Debug|x86.Build.0 = Debug|x86
		{A2FBAC52-F351-4DE6-A36F-F19E41EBE041}.Release|Any CPU.ActiveCfg = Release|x86
		{A2FBAC52-F351-4DE6-A36F-F19E41EBE041}.Release|x86.ActiveCfg = Release|x86
		{A2FBAC52-F351-4DE6-A36F-F19E41EBE041}.Release|x86.Build.0 = Release|x86
		{D455ECBE-A8DD-4261-A364-4A74DC5512A4}.Debug|Any CPU.ActiveCfg = Debug|Any CPU
		{D455ECBE-A8DD-4261-A364-4A74DC5512A4}.Debug|Any CPU.Build.0 = Debug|Any CPU
		{D455ECBE-A8DD-4261-A364-4A74DC5512A4}.Debug|x86.ActiveCfg = Debug|Any CPU
		{D455ECBE-A8DD-4261-A364-4A74DC5512A4}.Debug|x86.Build.0 = Debug|Any CPU
		{D455ECBE-A8DD-4261-A364-4A74DC5512A4}.Release|Any CPU.ActiveCfg = Release|Any CPU
		{D455ECBE-A8DD-4261-A364-4A74DC5512A4}.Release|Any CPU.Build.0 = Release|Any CPU
		{D455ECBE-A8DD-4261-A364-4A74DC5512A4}.Release|x86.ActiveCfg = Release|Any CPU
		{D455ECBE-A8DD-4261-A364-4A74DC5512A4}.Release|x86.Build.0 = Release|Any CPU
		{21AF42A0-012A-4265-B7DF-1CF7588437F3}.Debug|Any CPU.ActiveCfg = Debug|Any CPU
		{21AF42A0-012A-4265-B7DF-1CF7588437F3}.Debug|Any CPU.Build.0 = Debug|Any CPU
		{21AF42A0-012A-4265-B7DF-1CF7588437F3}.Debug|x86.ActiveCfg = Debug|Any CPU
		{21AF42A0-012A-4265-B7DF-1CF7588437F3}.Debug|x86.Build.0 = Debug|Any CPU
		{21AF42A0-012A-4265-B7DF-1CF7588437F3}.Release|Any CPU.ActiveCfg = Release|Any CPU
		{21AF42A0-012A-4265-B7DF-1CF7588437F3}.Release|Any CPU.Build.0 = Release|Any CPU
		{21AF42A0-012A-4265-B7DF-1CF7588437F3}.Release|x86.ActiveCfg = Release|Any CPU
		{21AF42A0-012A-4265-B7DF-1CF7588437F3}.Release|x86.Build.0 = Release|Any CPU
		{E838507C-3CAC-494E-9C23-D3A1C2BDF6A9}.Debug|Any CPU.ActiveCfg = Debug|Any CPU
		{E838507C-3CAC-494E-9C23-D3A1C2BDF6A9}.Debug|Any CPU.Build.0 = Debug|Any CPU
		{E838507C-3CAC-494E-9C23-D3A1C2BDF6A9}.Debug|x86.ActiveCfg = Debug|Any CPU
		{E838507C-3CAC-494E-9C23-D3A1C2BDF6A9}.Debug|x86.Build.0 = Debug|Any CPU
		{E838507C-3CAC-494E-9C23-D3A1C2BDF6A9}.Release|Any CPU.ActiveCfg = Release|Any CPU
		{E838507C-3CAC-494E-9C23-D3A1C2BDF6A9}.Release|Any CPU.Build.0 = Release|Any CPU
		{E838507C-3CAC-494E-9C23-D3A1C2BDF6A9}.Release|x86.ActiveCfg = Release|Any CPU
		{E838507C-3CAC-494E-9C23-D3A1C2BDF6A9}.Release|x86.Build.0 = Release|Any CPU
		{56F4BD87-2404-4263-80D5-6FA2161EB0A4}.Debug|Any CPU.ActiveCfg = Debug|Any CPU
		{56F4BD87-2404-4263-80D5-6FA2161EB0A4}.Debug|Any CPU.Build.0 = Debug|Any CPU
		{56F4BD87-2404-4263-80D5-6FA2161EB0A4}.Debug|x86.ActiveCfg = Debug|Any CPU
		{56F4BD87-2404-4263-80D5-6FA2161EB0A4}.Debug|x86.Build.0 = Debug|Any CPU
		{56F4BD87-2404-4263-80D5-6FA2161EB0A4}.Release|Any CPU.ActiveCfg = Release|Any CPU
		{56F4BD87-2404-4263-80D5-6FA2161EB0A4}.Release|Any CPU.Build.0 = Release|Any CPU
		{56F4BD87-2404-4263-80D5-6FA2161EB0A4}.Release|x86.ActiveCfg = Release|Any CPU
		{56F4BD87-2404-4263-80D5-6FA2161EB0A4}.Release|x86.Build.0 = Release|Any CPU
	EndGlobalSection
	GlobalSection(SolutionProperties) = preSolution
		HideSolutionNode = FALSE
	EndGlobalSection
EndGlobal
