
Microsoft Visual Studio Solution File, Format Version 12.00
# Visual Studio Version 17
VisualStudioVersion = 17.4.33213.308
MinimumVisualStudioVersion = 10.0.40219.1
Project("{FAE04EC0-301F-11D3-BF4B-00C04F79EFBC}") = "Files.Tests", "..\Files.Tests\Files.Tests.csproj", "{70C7173B-68C8-414B-88D8-266030EAC926}"
EndProject
Project("{FAE04EC0-301F-11D3-BF4B-00C04F79EFBC}") = "GonzoNet.Tests", "..\GonzoNet.Tests\GonzoNet.Tests.csproj", "{CE51BD58-8DAD-4EF1-8108-EE6AD1EB03AA}"
EndProject
Global
	GlobalSection(SolutionConfigurationPlatforms) = preSolution
		Debug|Any CPU = Debug|Any CPU
		Release|Any CPU = Release|Any CPU
	EndGlobalSection
	GlobalSection(ProjectConfigurationPlatforms) = postSolution
		{70C7173B-68C8-414B-88D8-266030EAC926}.Debug|Any CPU.ActiveCfg = Debug|Any CPU
		{70C7173B-68C8-414B-88D8-266030EAC926}.Debug|Any CPU.Build.0 = Debug|Any CPU
		{70C7173B-68C8-414B-88D8-266030EAC926}.Release|Any CPU.ActiveCfg = Release|Any CPU
		{70C7173B-68C8-414B-88D8-266030EAC926}.Release|Any CPU.Build.0 = Release|Any CPU
		{CE51BD58-8DAD-4EF1-8108-EE6AD1EB03AA}.Debug|Any CPU.ActiveCfg = Debug|Any CPU
		{CE51BD58-8DAD-4EF1-8108-EE6AD1EB03AA}.Debug|Any CPU.Build.0 = Debug|Any CPU
		{CE51BD58-8DAD-4EF1-8108-EE6AD1EB03AA}.Release|Any CPU.ActiveCfg = Release|Any CPU
		{CE51BD58-8DAD-4EF1-8108-EE6AD1EB03AA}.Release|Any CPU.Build.0 = Release|Any CPU
	EndGlobalSection
	GlobalSection(SolutionProperties) = preSolution
		HideSolutionNode = FALSE
	EndGlobalSection
	GlobalSection(ExtensibilityGlobals) = postSolution
		SolutionGuid = {0DC9CA30-C4D7-4AE4-980D-8ED92D442733}
	EndGlobalSection
EndGlobal
