
Microsoft Visual Studio Solution File, Format Version 12.00
# Visual Studio 14
VisualStudioVersion = 14.0.22823.1
MinimumVisualStudioVersion = 10.0.40219.1
Project("{FAE04EC0-301F-11D3-BF4B-00C04F79EFBC}") = "Vitaboy", "Vitaboy\Vitaboy.csproj", "{21AF42A0-012A-4265-B7DF-1CF7588437F3}"
EndProject
Project("{FAE04EC0-301F-11D3-BF4B-00C04F79EFBC}") = "CreateASim", "WindowsFormsApplication1\CreateASim.csproj", "{0622CA8A-01BF-4B83-9539-6C255744B52A}"
EndProject
Global
	GlobalSection(SolutionConfigurationPlatforms) = preSolution
		Debug|Any CPU = Debug|Any CPU
		Release|Any CPU = Release|Any CPU
	EndGlobalSection
	GlobalSection(ProjectConfigurationPlatforms) = postSolution
		{21AF42A0-012A-4265-B7DF-1CF7588437F3}.Debug|Any CPU.ActiveCfg = Debug|Any CPU
		{21AF42A0-012A-4265-B7DF-1CF7588437F3}.Debug|Any CPU.Build.0 = Debug|Any CPU
		{21AF42A0-012A-4265-B7DF-1CF7588437F3}.Release|Any CPU.ActiveCfg = Release|Any CPU
		{21AF42A0-012A-4265-B7DF-1CF7588437F3}.Release|Any CPU.Build.0 = Release|Any CPU
		{0622CA8A-01BF-4B83-9539-6C255744B52A}.Debug|Any CPU.ActiveCfg = Debug|Any CPU
		{0622CA8A-01BF-4B83-9539-6C255744B52A}.Debug|Any CPU.Build.0 = Debug|Any CPU
		{0622CA8A-01BF-4B83-9539-6C255744B52A}.Release|Any CPU.ActiveCfg = Release|Any CPU
		{0622CA8A-01BF-4B83-9539-6C255744B52A}.Release|Any CPU.Build.0 = Release|Any CPU
	EndGlobalSection
	GlobalSection(SolutionProperties) = preSolution
		HideSolutionNode = FALSE
	EndGlobalSection
EndGlobal
