
Microsoft Visual Studio Solution File, Format Version 12.00
# Visual Studio 15
VisualStudioVersion = 15.0.28010.2036
MinimumVisualStudioVersion = 10.0.40219.1
Project("{FAE04EC0-301F-11D3-BF4B-00C04F79EFBC}") = "ResolutionBuddy", "ResolutionBuddy\ResolutionBuddy.csproj", "{276FDC4B-C66B-4D2C-A2ED-0B8AB4A30B0A}"
EndProject
Global
	GlobalSection(SolutionConfigurationPlatforms) = preSolution
		Debug|Any CPU = Debug|Any CPU
		Release|Any CPU = Release|Any CPU
	EndGlobalSection
	GlobalSection(ProjectConfigurationPlatforms) = postSolution
		{276FDC4B-C66B-4D2C-A2ED-0B8AB4A30B0A}.Debug|Any CPU.ActiveCfg = Debug|Any CPU
		{276FDC4B-C66B-4D2C-A2ED-0B8AB4A30B0A}.Debug|Any CPU.Build.0 = Debug|Any CPU
		{276FDC4B-C66B-4D2C-A2ED-0B8AB4A30B0A}.Release|Any CPU.ActiveCfg = Release|Any CPU
		{276FDC4B-C66B-4D2C-A2ED-0B8AB4A30B0A}.Release|Any CPU.Build.0 = Release|Any CPU
	EndGlobalSection
	GlobalSection(SolutionProperties) = preSolution
		HideSolutionNode = FALSE
	EndGlobalSection
	GlobalSection(ExtensibilityGlobals) = postSolution
		SolutionGuid = {191E0A64-283E-4875-87BF-468FA6BE81B5}
	EndGlobalSection
EndGlobal
